<?xml version="1.0" encoding="utf-8"?>
<Project ToolsVersion="4.0" xmlns="http://schemas.microsoft.com/developer/msbuild/2003">
  <ItemGroup>
    <Filter Include="Source Files">
      <UniqueIdentifier>{4FC737F1-C7A5-4376-A066-2A32D752A2FF}</UniqueIdentifier>
      <Extensions>cpp;c;cc;cxx;def;odl;idl;hpj;bat;asm;asmx</Extensions>
    </Filter>
    <Filter Include="Header Files">
      <UniqueIdentifier>{93995380-89BD-4b04-88EB-625FBE52EBFB}</UniqueIdentifier>
      <Extensions>h;hh;hpp;hxx;hm;inl;inc;xsd</Extensions>
    </Filter>
    <Filter Include="Resource Files">
      <UniqueIdentifier>{67DA6AB6-F800-4c08-8B7A-83BB121AAD01}</UniqueIdentifier>
      <Extensions>rc;ico;cur;bmp;dlg;rc2;rct;bin;rgs;gif;jpg;jpeg;jpe;resx;tiff;tif;png;wav;mfcribbon-ms</Extensions>
    </Filter>
    <Filter Include="Resource Files\Shaders">
      <UniqueIdentifier>{a0b239ac-2d74-4742-86d1-5a1468918bed}</UniqueIdentifier>
    </Filter>
    <Filter Include="Resource Files\Textures">
      <UniqueIdentifier>{486dd4a6-a738-495b-91d4-f98b15b93699}</UniqueIdentifier>
    </Filter>
    <Filter Include="Header Files\Util">
      <UniqueIdentifier>{c390f6a5-50d9-4933-af94-79d7012c42e4}</UniqueIdentifier>
    </Filter>
    <Filter Include="Header Files\Rendering">
      <UniqueIdentifier>{a902d7d2-af33-4f21-acd6-2fdcc00e3ade}</UniqueIdentifier>
    </Filter>
    <Filter Include="Source Files\Rendering">
      <UniqueIdentifier>{c5e9801c-a8e3-4c63-9c12-f85604699b32}</UniqueIdentifier>
    </Filter>
    <Filter Include="Source Files\Util">
      <UniqueIdentifier>{3d7f4be8-2686-4925-aa78-dee77018cb85}</UniqueIdentifier>
    </Filter>
    <Filter Include="Header Files\Logic">
      <UniqueIdentifier>{4ae3d66c-7a19-4ab0-9b90-5b3940fac4d7}</UniqueIdentifier>
    </Filter>
    <Filter Include="Source Files\Logic">
      <UniqueIdentifier>{4f087865-3b27-49f9-9f91-1f1671e180c2}</UniqueIdentifier>
    </Filter>
    <Filter Include="Header Files\Rendering\GfxObjects">
      <UniqueIdentifier>{a7da00e4-6ac7-4bef-afa8-340f2d21d7cf}</UniqueIdentifier>
    </Filter>
    <Filter Include="Source Files\Rendering\GfxObjects">
      <UniqueIdentifier>{2e9b11a2-9047-4b90-9571-3f2cced62d67}</UniqueIdentifier>
    </Filter>
    <Filter Include="Header Files\Window">
      <UniqueIdentifier>{51e224a4-d72c-474f-86f1-cc5624a77a4d}</UniqueIdentifier>
    </Filter>
    <Filter Include="Source Files\Window">
      <UniqueIdentifier>{a3410cab-4ec7-4756-bf7c-04776f86da46}</UniqueIdentifier>
    </Filter>
    <Filter Include="Header Files\Util\Data">
      <UniqueIdentifier>{83a68b70-fdef-490f-a659-e5b52be8597c}</UniqueIdentifier>
    </Filter>
    <Filter Include="Header Files\Misc">
      <UniqueIdentifier>{356a44e7-d734-4513-9d10-59604dc6e239}</UniqueIdentifier>
    </Filter>
    <Filter Include="Header Files\ECS">
      <UniqueIdentifier>{16c60cd1-05f2-4117-aa68-302ee8751676}</UniqueIdentifier>
    </Filter>
    <Filter Include="Source Files\ECS">
      <UniqueIdentifier>{e68d670a-c85f-4635-b83f-9de11802f20a}</UniqueIdentifier>
    </Filter>
    <Filter Include="Header Files\Logic\Systems">
      <UniqueIdentifier>{050f6a24-7b51-44c1-b221-9893219389a9}</UniqueIdentifier>
    </Filter>
    <Filter Include="Source Files\Logic\Systems">
      <UniqueIdentifier>{f6cea7eb-657d-40f0-8987-59e634abf732}</UniqueIdentifier>
    </Filter>
    <Filter Include="Header Files\Logic\Components">
      <UniqueIdentifier>{64a74755-8af1-4205-8196-c1b17e618e22}</UniqueIdentifier>
    </Filter>
  </ItemGroup>
  <ItemGroup>
    <ClCompile Include="Input.cpp">
      <Filter>Source Files\Window</Filter>
    </ClCompile>
    <ClCompile Include="UppWindow.cpp">
      <Filter>Source Files\Window</Filter>
    </ClCompile>
    <ClCompile Include="glad.c">
      <Filter>Source Files\Util</Filter>
    </ClCompile>
    <ClCompile Include="stb_image.cpp">
      <Filter>Source Files\Util</Filter>
    </ClCompile>
    <ClCompile Include="GameLoop.cpp">
      <Filter>Source Files\Logic</Filter>
    </ClCompile>
    <ClCompile Include="Camera.cpp">
      <Filter>Source Files\Rendering\GfxObjects</Filter>
    </ClCompile>
    <ClCompile Include="Shader.cpp">
      <Filter>Source Files\Rendering\GfxObjects</Filter>
    </ClCompile>
    <ClCompile Include="Texture.cpp">
      <Filter>Source Files\Rendering\GfxObjects</Filter>
    </ClCompile>
    <ClCompile Include="Timer.cpp">
      <Filter>Source Files\Window</Filter>
    </ClCompile>
    <ClCompile Include="Mesh.cpp">
      <Filter>Source Files\Rendering\GfxObjects</Filter>
    </ClCompile>
    <ClCompile Include="MasterRenderer.cpp">
      <Filter>Source Files\Rendering</Filter>
    </ClCompile>
    <ClCompile Include="Arena.cpp">
      <Filter>Source Files\Logic</Filter>
    </ClCompile>
    <ClCompile Include="BallModel.cpp">
      <Filter>Source Files\Logic</Filter>
    </ClCompile>
    <ClCompile Include="Main.cpp">
      <Filter>Source Files</Filter>
    </ClCompile>
    <ClCompile Include="World.cpp">
      <Filter>Source Files\Logic</Filter>
    </ClCompile>
    <ClCompile Include="ECS.cpp">
      <Filter>Source Files\ECS</Filter>
    </ClCompile>
    <ClCompile Include="ECSComponent.cpp">
      <Filter>Source Files\ECS</Filter>
    </ClCompile>
    <ClCompile Include="BallRenderSystem.cpp">
      <Filter>Source Files\Logic\Systems</Filter>
    </ClCompile>
    <ClCompile Include="MotionSystem.cpp">
      <Filter>Source Files\Logic\Systems</Filter>
    </ClCompile>
    <ClCompile Include="ArenaCollisionSystem.cpp">
      <Filter>Source Files</Filter>
    </ClCompile>
  </ItemGroup>
  <ItemGroup>
    <ClInclude Include="UppWindow.hpp">
      <Filter>Header Files\Window</Filter>
    </ClInclude>
    <ClInclude Include="Input.hpp">
      <Filter>Header Files\Window</Filter>
    </ClInclude>
    <ClInclude Include="stb_image.h">
      <Filter>Header Files\Util</Filter>
    </ClInclude>
    <ClInclude Include="UppException.hpp">
      <Filter>Header Files\Util</Filter>
    </ClInclude>
    <ClInclude Include="GameLoop.hpp">
      <Filter>Header Files\Logic</Filter>
    </ClInclude>
    <ClInclude Include="Camera.hpp">
      <Filter>Header Files\Rendering\GfxObjects</Filter>
    </ClInclude>
    <ClInclude Include="Shader.hpp">
      <Filter>Header Files\Rendering\GfxObjects</Filter>
    </ClInclude>
    <ClInclude Include="Texture.hpp">
      <Filter>Header Files\Rendering\GfxObjects</Filter>
    </ClInclude>
    <ClInclude Include="Timer.hpp">
      <Filter>Header Files\Window</Filter>
    </ClInclude>
    <ClInclude Include="Mesh.hpp">
      <Filter>Header Files\Rendering\GfxObjects</Filter>
    </ClInclude>
    <ClInclude Include="Vertex.hpp">
      <Filter>Header Files\Util\Data</Filter>
    </ClInclude>
    <ClInclude Include="Arena.hpp">
      <Filter>Header Files\Logic</Filter>
    </ClInclude>
    <ClInclude Include="MasterRenderer.hpp">
      <Filter>Header Files\Rendering</Filter>
    </ClInclude>
    <ClInclude Include="LightingData.hpp">
      <Filter>Header Files\Util\Data</Filter>
    </ClInclude>
    <ClInclude Include="BallModel.hpp">
      <Filter>Header Files\Logic</Filter>
    </ClInclude>
    <ClInclude Include="TypeDefs.hpp">
      <Filter>Header Files\Misc</Filter>
    </ClInclude>
    <ClInclude Include="UppIncludes.hpp">
      <Filter>Header Files\Misc</Filter>
    </ClInclude>
    <ClInclude Include="Random.hpp">
      <Filter>Header Files\Util</Filter>
    </ClInclude>
    <ClInclude Include="World.hpp">
      <Filter>Header Files\Logic</Filter>
    </ClInclude>
    <ClInclude Include="BaseECSSystem.hpp">
      <Filter>Header Files\ECS</Filter>
    </ClInclude>
    <ClInclude Include="ECSComponent.hpp">
      <Filter>Header Files\ECS</Filter>
    </ClInclude>
    <ClInclude Include="ECSSystemList.hpp">
      <Filter>Header Files\ECS</Filter>
    </ClInclude>
    <ClInclude Include="ECS.hpp">
      <Filter>Header Files\ECS</Filter>
    </ClInclude>
    <ClInclude Include="BallRenderSystem.hpp">
      <Filter>Header Files\Logic\Systems</Filter>
    </ClInclude>
    <ClInclude Include="BallComponents.hpp">
      <Filter>Header Files\Logic\Components</Filter>
    </ClInclude>
    <ClInclude Include="Macros.hpp">
      <Filter>Header Files\Misc</Filter>
    </ClInclude>
    <ClInclude Include="MotionSystem.hpp">
      <Filter>Header Files\Logic\Systems</Filter>
    </ClInclude>
    <ClInclude Include="ArenaCollisionSystem.hpp">
      <Filter>Header Files\Logic\Systems</Filter>
    </ClInclude>
  </ItemGroup>
  <ItemGroup>
    <Text Include="Ideas.txt">
      <Filter>Resource Files</Filter>
    </Text>
  </ItemGroup>
  <ItemGroup>
    <None Include="Resources\Shaders\master.frag">
      <Filter>Resource Files\Shaders</Filter>
    </None>
    <None Include="Resources\Shaders\master.vert">
      <Filter>Resource Files\Shaders</Filter>
    </None>
  </ItemGroup>
</Project>